
Microsoft Visual Studio Solution File, Format Version 12.00
# Visual Studio Version 16
VisualStudioVersion = 16.0.29503.13
MinimumVisualStudioVersion = 10.0.40219.1
Project("{2150E333-8FDC-42A3-9474-1A3956D46DE8}") = "1.-web", "1.-web", "{9A114325-2081-4BB4-8266-68F972CDD137}"
EndProject
Project("{2150E333-8FDC-42A3-9474-1A3956D46DE8}") = "2.-core", "2.-core", "{A670F8B7-041C-4125-B73C-B9C6A6194DD9}"
EndProject
Project("{2150E333-8FDC-42A3-9474-1A3956D46DE8}") = "3.-seguridad", "3.-seguridad", "{DD4D4765-B7EA-40A0-A05F-6D52B39961EE}"
EndProject
Project("{2150E333-8FDC-42A3-9474-1A3956D46DE8}") = "4.-log", "4.-log", "{696F4747-E7C9-49A4-864B-B672362E8752}"
EndProject
Project("{2150E333-8FDC-42A3-9474-1A3956D46DE8}") = "modelo", "modelo", "{7D05C9AB-F00A-4B7E-8020-2CEAB608CB8C}"
EndProject
Project("{2150E333-8FDC-42A3-9474-1A3956D46DE8}") = "datos", "datos", "{9267644A-F881-4BFA-99F6-6CB2E1B2179D}"
EndProject
Project("{2150E333-8FDC-42A3-9474-1A3956D46DE8}") = "negocio", "negocio", "{B5C6EC11-068D-4346-8AD7-33A995A15939}"
EndProject
Project("{FAE04EC0-301F-11D3-BF4B-00C04F79EFBC}") = "Seguridad.modelo", "Seguridad.Models\Seguridad.modelo.csproj", "{3E87C4D4-8D42-458C-AB73-CFD2D7345038}"
EndProject
Project("{FAE04EC0-301F-11D3-BF4B-00C04F79EFBC}") = "Seguridad.datos", "Seguridad.dataAccess\Seguridad.datos.csproj", "{86A39267-2FEE-4796-8B01-5386936D50EE}"
EndProject
Project("{FAE04EC0-301F-11D3-BF4B-00C04F79EFBC}") = "Seguridad.negocio", "Seguridad.negicio\Seguridad.negocio.csproj", "{B24F3535-FAC2-4BB4-AF7C-79C90F4124F7}"
EndProject
Project("{2150E333-8FDC-42A3-9474-1A3956D46DE8}") = "api", "api", "{5F8BE5F6-7F23-4708-A7FE-078062FA04CF}"
EndProject
Project("{FAE04EC0-301F-11D3-BF4B-00C04F79EFBC}") = "Seguridad.api", "Seguridad.api\Seguridad.api.csproj", "{36581261-8DB1-49CD-AD26-D671643A48F8}"
EndProject
Global
	GlobalSection(SolutionConfigurationPlatforms) = preSolution
		Debug|Any CPU = Debug|Any CPU
		Release|Any CPU = Release|Any CPU
	EndGlobalSection
	GlobalSection(ProjectConfigurationPlatforms) = postSolution
		{3E87C4D4-8D42-458C-AB73-CFD2D7345038}.Debug|Any CPU.ActiveCfg = Debug|Any CPU
		{3E87C4D4-8D42-458C-AB73-CFD2D7345038}.Debug|Any CPU.Build.0 = Debug|Any CPU
		{3E87C4D4-8D42-458C-AB73-CFD2D7345038}.Release|Any CPU.ActiveCfg = Release|Any CPU
		{3E87C4D4-8D42-458C-AB73-CFD2D7345038}.Release|Any CPU.Build.0 = Release|Any CPU
		{86A39267-2FEE-4796-8B01-5386936D50EE}.Debug|Any CPU.ActiveCfg = Debug|Any CPU
		{86A39267-2FEE-4796-8B01-5386936D50EE}.Debug|Any CPU.Build.0 = Debug|Any CPU
		{86A39267-2FEE-4796-8B01-5386936D50EE}.Release|Any CPU.ActiveCfg = Release|Any CPU
		{86A39267-2FEE-4796-8B01-5386936D50EE}.Release|Any CPU.Build.0 = Release|Any CPU
		{B24F3535-FAC2-4BB4-AF7C-79C90F4124F7}.Debug|Any CPU.ActiveCfg = Debug|Any CPU
		{B24F3535-FAC2-4BB4-AF7C-79C90F4124F7}.Debug|Any CPU.Build.0 = Debug|Any CPU
		{B24F3535-FAC2-4BB4-AF7C-79C90F4124F7}.Release|Any CPU.ActiveCfg = Release|Any CPU
		{B24F3535-FAC2-4BB4-AF7C-79C90F4124F7}.Release|Any CPU.Build.0 = Release|Any CPU
		{36581261-8DB1-49CD-AD26-D671643A48F8}.Debug|Any CPU.ActiveCfg = Debug|Any CPU
		{36581261-8DB1-49CD-AD26-D671643A48F8}.Debug|Any CPU.Build.0 = Debug|Any CPU
		{36581261-8DB1-49CD-AD26-D671643A48F8}.Release|Any CPU.ActiveCfg = Release|Any CPU
		{36581261-8DB1-49CD-AD26-D671643A48F8}.Release|Any CPU.Build.0 = Release|Any CPU
	EndGlobalSection
	GlobalSection(SolutionProperties) = preSolution
		HideSolutionNode = FALSE
	EndGlobalSection
	GlobalSection(NestedProjects) = preSolution
		{7D05C9AB-F00A-4B7E-8020-2CEAB608CB8C} = {A670F8B7-041C-4125-B73C-B9C6A6194DD9}
		{9267644A-F881-4BFA-99F6-6CB2E1B2179D} = {A670F8B7-041C-4125-B73C-B9C6A6194DD9}
		{B5C6EC11-068D-4346-8AD7-33A995A15939} = {A670F8B7-041C-4125-B73C-B9C6A6194DD9}
		{3E87C4D4-8D42-458C-AB73-CFD2D7345038} = {7D05C9AB-F00A-4B7E-8020-2CEAB608CB8C}
		{86A39267-2FEE-4796-8B01-5386936D50EE} = {9267644A-F881-4BFA-99F6-6CB2E1B2179D}
		{B24F3535-FAC2-4BB4-AF7C-79C90F4124F7} = {B5C6EC11-068D-4346-8AD7-33A995A15939}
		{5F8BE5F6-7F23-4708-A7FE-078062FA04CF} = {A670F8B7-041C-4125-B73C-B9C6A6194DD9}
		{36581261-8DB1-49CD-AD26-D671643A48F8} = {5F8BE5F6-7F23-4708-A7FE-078062FA04CF}
	EndGlobalSection
	GlobalSection(ExtensibilityGlobals) = postSolution
		SolutionGuid = {9ED8920B-6FA3-4013-89EE-CB7EFB58EA48}
	EndGlobalSection
EndGlobal
